
Microsoft Visual Studio Solution File, Format Version 12.00
# Visual Studio 15
VisualStudioVersion = 15.0.27130.2027
MinimumVisualStudioVersion = 10.0.40219.1
Project("{FAE04EC0-301F-11D3-BF4B-00C04F79EFBC}") = "WPF_Pizzalieferung", "WPF_Pizzalieferung\WPF_Pizzalieferung.csproj", "{A4AFCBF5-1D24-490C-BED7-0768A93AEB18}"
EndProject
Project("{9A19103F-16F7-4668-BE54-9A1E7A4F7556}") = "Bibliothek_Pizzalieferung", "..\Bibliothek_Pizzalieferung\Bibliothek_Pizzalieferung\Bibliothek_Pizzalieferung.csproj", "{BFE8F2A2-98C2-414E-8C53-8F566283A5BD}"
EndProject
Global
	GlobalSection(SolutionConfigurationPlatforms) = preSolution
		Debug|Any CPU = Debug|Any CPU
		Release|Any CPU = Release|Any CPU
	EndGlobalSection
	GlobalSection(ProjectConfigurationPlatforms) = postSolution
		{A4AFCBF5-1D24-490C-BED7-0768A93AEB18}.Debug|Any CPU.ActiveCfg = Debug|Any CPU
		{A4AFCBF5-1D24-490C-BED7-0768A93AEB18}.Debug|Any CPU.Build.0 = Debug|Any CPU
		{A4AFCBF5-1D24-490C-BED7-0768A93AEB18}.Release|Any CPU.ActiveCfg = Release|Any CPU
		{A4AFCBF5-1D24-490C-BED7-0768A93AEB18}.Release|Any CPU.Build.0 = Release|Any CPU
		{BFE8F2A2-98C2-414E-8C53-8F566283A5BD}.Debug|Any CPU.ActiveCfg = Debug|Any CPU
		{BFE8F2A2-98C2-414E-8C53-8F566283A5BD}.Debug|Any CPU.Build.0 = Debug|Any CPU
		{BFE8F2A2-98C2-414E-8C53-8F566283A5BD}.Release|Any CPU.ActiveCfg = Release|Any CPU
		{BFE8F2A2-98C2-414E-8C53-8F566283A5BD}.Release|Any CPU.Build.0 = Release|Any CPU
	EndGlobalSection
	GlobalSection(SolutionProperties) = preSolution
		HideSolutionNode = FALSE
	EndGlobalSection
	GlobalSection(ExtensibilityGlobals) = postSolution
		SolutionGuid = {97902773-686B-4331-A0E9-DF293E54D1DB}
	EndGlobalSection
EndGlobal
