
Microsoft Visual Studio Solution File, Format Version 12.00
# Visual Studio 15
VisualStudioVersion = 15.0.27130.2027
MinimumVisualStudioVersion = 10.0.40219.1
Project("{FAE04EC0-301F-11D3-BF4B-00C04F79EFBC}") = "SQL_Bibliothek", "SQL_Bibliothek\SQL_Bibliothek.csproj", "{EEC236AD-CD11-4A29-BC75-7CB1788ABBC0}"
EndProject
Global
	GlobalSection(SolutionConfigurationPlatforms) = preSolution
		Debug|Any CPU = Debug|Any CPU
		Release|Any CPU = Release|Any CPU
	EndGlobalSection
	GlobalSection(ProjectConfigurationPlatforms) = postSolution
		{EEC236AD-CD11-4A29-BC75-7CB1788ABBC0}.Debug|Any CPU.ActiveCfg = Debug|Any CPU
		{EEC236AD-CD11-4A29-BC75-7CB1788ABBC0}.Debug|Any CPU.Build.0 = Debug|Any CPU
		{EEC236AD-CD11-4A29-BC75-7CB1788ABBC0}.Release|Any CPU.ActiveCfg = Release|Any CPU
		{EEC236AD-CD11-4A29-BC75-7CB1788ABBC0}.Release|Any CPU.Build.0 = Release|Any CPU
	EndGlobalSection
	GlobalSection(SolutionProperties) = preSolution
		HideSolutionNode = FALSE
	EndGlobalSection
	GlobalSection(ExtensibilityGlobals) = postSolution
		SolutionGuid = {256F4C8C-9753-4036-9108-06D52F399417}
	EndGlobalSection
EndGlobal
