
Microsoft Visual Studio Solution File, Format Version 12.00
# Visual Studio 14
VisualStudioVersion = 14.0.25420.1
MinimumVisualStudioVersion = 10.0.40219.1
Project("{FAE04EC0-301F-11D3-BF4B-00C04F79EFBC}") = "DieBlume", "DieBlume\DieBlume.csproj", "{CEE61692-F1B5-4271-8CD6-63EC3DADB4EA}"
EndProject
Project("{FAE04EC0-301F-11D3-BF4B-00C04F79EFBC}") = "BieneDLL", "..\BieneDLL\BieneDLL\BieneDLL.csproj", "{1931F5EC-98BF-4C68-A4F8-365E10A27FF0}"
EndProject
Global
	GlobalSection(SolutionConfigurationPlatforms) = preSolution
		Debug|Any CPU = Debug|Any CPU
		Release|Any CPU = Release|Any CPU
	EndGlobalSection
	GlobalSection(ProjectConfigurationPlatforms) = postSolution
		{CEE61692-F1B5-4271-8CD6-63EC3DADB4EA}.Debug|Any CPU.ActiveCfg = Debug|Any CPU
		{CEE61692-F1B5-4271-8CD6-63EC3DADB4EA}.Debug|Any CPU.Build.0 = Debug|Any CPU
		{CEE61692-F1B5-4271-8CD6-63EC3DADB4EA}.Release|Any CPU.ActiveCfg = Release|Any CPU
		{CEE61692-F1B5-4271-8CD6-63EC3DADB4EA}.Release|Any CPU.Build.0 = Release|Any CPU
		{1931F5EC-98BF-4C68-A4F8-365E10A27FF0}.Debug|Any CPU.ActiveCfg = Debug|Any CPU
		{1931F5EC-98BF-4C68-A4F8-365E10A27FF0}.Debug|Any CPU.Build.0 = Debug|Any CPU
		{1931F5EC-98BF-4C68-A4F8-365E10A27FF0}.Release|Any CPU.ActiveCfg = Release|Any CPU
		{1931F5EC-98BF-4C68-A4F8-365E10A27FF0}.Release|Any CPU.Build.0 = Release|Any CPU
	EndGlobalSection
	GlobalSection(SolutionProperties) = preSolution
		HideSolutionNode = FALSE
	EndGlobalSection
EndGlobal
